{
  "name": "vulnerable-scanners",
  "lockfileVersion": 3,
  "requires": true,
  "packages": {
    "": {
      "dependencies": {
        "lodash": "4.17.20"
      }
    },
    "node_modules/lodash": {
      "version": "4.17.20",
      "resolved": "https://registry.npmjs.org/lodash/-/lodash-4.17.20.tgz",
      "integrity": "sha512-PlhdFciI8gSOuJsP0yec9pML1EzT3hZSaSW5j3sGtyk9t6qxuH4ENnD4LwNXxza6DJhZ+gn07YMPyB0YIEgYdQ=="
    }
  }
}
