{
  "name": "nope-benchmark-v1",
  "lockfileVersion": 3,
  "packages": {
    "": {
      "dependencies": {
        "lodash": "4.17.11",
        "express": "4.17.1"
      }
    },
    "node_modules/lodash": {
      "version": "4.17.11",
      "resolved": "https://registry.npmjs.org/lodash/-/lodash-4.17.11.tgz",
      "integrity": "sha512-cQKh8ZNjOe2tL9A9iJ0zzX4n+8W6uJ6Y2uK7tLk="
    },
    "node_modules/express": {
      "version": "4.17.1",
      "resolved": "https://registry.npmjs.org/express/-/express-4.17.1.tgz",
      "integrity": "sha512-pW9jN8R6BXJpN8pHq3fKqQ=="
    }
  }
}
